
Microsoft Visual Studio Solution File, Format Version 12.00
Project("{FAE04EC0-301F-11D3-BF4B-00C04F79EFBC}") = "supabase-test", "supabase-test\supabase-test.csproj", "{386DFA31-2D06-4090-86A5-97DF0E642F08}"
EndProject
Global
	GlobalSection(SolutionConfigurationPlatforms) = preSolution
		Debug|Any CPU = Debug|Any CPU
		Release|Any CPU = Release|Any CPU
	EndGlobalSection
	GlobalSection(ProjectConfigurationPlatforms) = postSolution
		{386DFA31-2D06-4090-86A5-97DF0E642F08}.Debug|Any CPU.ActiveCfg = Debug|Any CPU
		{386DFA31-2D06-4090-86A5-97DF0E642F08}.Debug|Any CPU.Build.0 = Debug|Any CPU
		{386DFA31-2D06-4090-86A5-97DF0E642F08}.Release|Any CPU.ActiveCfg = Release|Any CPU
		{386DFA31-2D06-4090-86A5-97DF0E642F08}.Release|Any CPU.Build.0 = Release|Any CPU
	EndGlobalSection
EndGlobal
